
Microsoft Visual Studio Solution File, Format Version 12.00
# Visual Studio 15
VisualStudioVersion = 15.0.27130.2010
MinimumVisualStudioVersion = 10.0.40219.1
Project("{FAE04EC0-301F-11D3-BF4B-00C04F79EFBC}") = "TicTacToe", "TicTacToe\TicTacToe.csproj", "{786C88AA-9921-4032-9895-45166A02F5F1}"
EndProject
Global
	GlobalSection(SolutionConfigurationPlatforms) = preSolution
		Debug|Any CPU = Debug|Any CPU
		Release|Any CPU = Release|Any CPU
	EndGlobalSection
	GlobalSection(ProjectConfigurationPlatforms) = postSolution
		{786C88AA-9921-4032-9895-45166A02F5F1}.Debug|Any CPU.ActiveCfg = Debug|Any CPU
		{786C88AA-9921-4032-9895-45166A02F5F1}.Debug|Any CPU.Build.0 = Debug|Any CPU
		{786C88AA-9921-4032-9895-45166A02F5F1}.Release|Any CPU.ActiveCfg = Release|Any CPU
		{786C88AA-9921-4032-9895-45166A02F5F1}.Release|Any CPU.Build.0 = Release|Any CPU
	EndGlobalSection
	GlobalSection(SolutionProperties) = preSolution
		HideSolutionNode = FALSE
	EndGlobalSection
	GlobalSection(ExtensibilityGlobals) = postSolution
		SolutionGuid = {1C328A13-F7FC-4E88-90E3-81BF9FE8811D}
	EndGlobalSection
EndGlobal
